<?xml version="1.0" encoding="utf-8"?>
<Project ToolsVersion="4.0" xmlns="http://schemas.microsoft.com/developer/msbuild/2003">
  <ItemGroup>
    <Filter Include="소스 파일">
      <UniqueIdentifier>{4FC737F1-C7A5-4376-A066-2A32D752A2FF}</UniqueIdentifier>
      <Extensions>cpp;c;cc;cxx;def;odl;idl;hpj;bat;asm;asmx</Extensions>
    </Filter>
    <Filter Include="헤더 파일">
      <UniqueIdentifier>{93995380-89BD-4b04-88EB-625FBE52EBFB}</UniqueIdentifier>
      <Extensions>h;hh;hpp;hxx;hm;inl;inc;ipp;xsd</Extensions>
    </Filter>
    <Filter Include="리소스 파일">
      <UniqueIdentifier>{67DA6AB6-F800-4c08-8B7A-83BB121AAD01}</UniqueIdentifier>
      <Extensions>rc;ico;cur;bmp;dlg;rc2;rct;bin;rgs;gif;jpg;jpeg;jpe;resx;tiff;tif;png;wav;mfcribbon-ms</Extensions>
    </Filter>
    <Filter Include="Server">
      <UniqueIdentifier>{c32ec55d-9f25-4554-b1a3-728f4a1a1aae}</UniqueIdentifier>
    </Filter>
    <Filter Include="Contents">
      <UniqueIdentifier>{d561598e-fb68-4196-8bf0-22a5cf94f64d}</UniqueIdentifier>
    </Filter>
    <Filter Include="Packet">
      <UniqueIdentifier>{77774b89-802f-4caa-a4ae-c57d675a3b53}</UniqueIdentifier>
    </Filter>
    <Filter Include="Util">
      <UniqueIdentifier>{fb2f6dc3-5a46-48bf-bea4-877b63baad6d}</UniqueIdentifier>
    </Filter>
    <Filter Include="Terminal">
      <UniqueIdentifier>{f62c0fbd-775b-459a-9d05-746f1a3a1edd}</UniqueIdentifier>
    </Filter>
    <Filter Include="Session">
      <UniqueIdentifier>{0747580b-aecb-4c68-90bc-62b56ce2e322}</UniqueIdentifier>
    </Filter>
    <Filter Include="Util\tinyXml">
      <UniqueIdentifier>{41c86eab-400b-419a-8adc-c480bdc628c5}</UniqueIdentifier>
    </Filter>
    <Filter Include="Contents\Database">
      <UniqueIdentifier>{59312dda-e404-49cc-b5ae-cf3de163ab2d}</UniqueIdentifier>
    </Filter>
  </ItemGroup>
  <ItemGroup>
    <ClInclude Include="stdafx.h">
      <Filter>헤더 파일</Filter>
    </ClInclude>
    <ClInclude Include="targetver.h">
      <Filter>헤더 파일</Filter>
    </ClInclude>
    <ClInclude Include="Util\Clock.h">
      <Filter>Util</Filter>
    </ClInclude>
    <ClInclude Include="Util\Logger.h">
      <Filter>Util</Filter>
    </ClInclude>
    <ClInclude Include="Util\Room.h">
      <Filter>Util</Filter>
    </ClInclude>
    <ClInclude Include="Util\RoomManager.h">
      <Filter>Util</Filter>
    </ClInclude>
    <ClInclude Include="Util\tinyXml\tinystr.h">
      <Filter>Util\tinyXml</Filter>
    </ClInclude>
    <ClInclude Include="Util\tinyXml\tinyxml.h">
      <Filter>Util\tinyXml</Filter>
    </ClInclude>
    <ClInclude Include="Terminal\Terminal.h">
      <Filter>Terminal</Filter>
    </ClInclude>
    <ClInclude Include="Terminal\TerminalManager.h">
      <Filter>Terminal</Filter>
    </ClInclude>
    <ClInclude Include="Session\Session.h">
      <Filter>Session</Filter>
    </ClInclude>
    <ClInclude Include="Session\SessionManager.h">
      <Filter>Session</Filter>
    </ClInclude>
    <ClInclude Include="Server\Server.h">
      <Filter>Server</Filter>
    </ClInclude>
    <ClInclude Include="Packet\PacketClass.h">
      <Filter>Packet</Filter>
    </ClInclude>
    <ClInclude Include="Database\Database.h">
      <Filter>Contents\Database</Filter>
    </ClInclude>
    <ClInclude Include="Contents\ContentsProcess.h">
      <Filter>Contents</Filter>
    </ClInclude>
    <ClInclude Include="Util\User.h">
      <Filter>Util</Filter>
    </ClInclude>
    <ClInclude Include="Util\UserManager.h">
      <Filter>Util</Filter>
    </ClInclude>
    <ClInclude Include="Util\Util.h">
      <Filter>Util</Filter>
    </ClInclude>
    <ClInclude Include="Util\Work.h">
      <Filter>Util</Filter>
    </ClInclude>
    <ClInclude Include="Util\Singleton.h">
      <Filter>Util</Filter>
    </ClInclude>
    <ClInclude Include="Util\Monitor.h">
      <Filter>Util</Filter>
    </ClInclude>
    <ClInclude Include="Util\Profile.h">
      <Filter>Util</Filter>
    </ClInclude>
    <ClInclude Include="Util\LOCK.h">
      <Filter>Util</Filter>
    </ClInclude>
  </ItemGroup>
  <ItemGroup>
    <ClCompile Include="stdafx.cpp">
      <Filter>소스 파일</Filter>
    </ClCompile>
    <ClCompile Include="Util\Clock.cpp">
      <Filter>Util</Filter>
    </ClCompile>
    <ClCompile Include="Util\tinyXml\tinystr.cpp">
      <Filter>Util\tinyXml</Filter>
    </ClCompile>
    <ClCompile Include="Util\tinyXml\tinyxml.cpp">
      <Filter>Util\tinyXml</Filter>
    </ClCompile>
    <ClCompile Include="Util\tinyXml\tinyxmlerror.cpp">
      <Filter>Util\tinyXml</Filter>
    </ClCompile>
    <ClCompile Include="Util\tinyXml\tinyxmlparser.cpp">
      <Filter>Util\tinyXml</Filter>
    </ClCompile>
    <ClCompile Include="Session\Session.cpp">
      <Filter>Session</Filter>
    </ClCompile>
    <ClCompile Include="Server\Server.cpp">
      <Filter>Server</Filter>
    </ClCompile>
    <ClCompile Include="Database\Database.cpp">
      <Filter>Contents\Database</Filter>
    </ClCompile>
    <ClCompile Include="Contents\ContentsProcess.cpp">
      <Filter>Contents</Filter>
    </ClCompile>
  </ItemGroup>
</Project>